
Microsoft Visual Studio Solution File, Format Version 12.00
# Visual Studio Version 17
VisualStudioVersion = 17.11.35222.181
MinimumVisualStudioVersion = 10.0.40219.1
Project("{9A19103F-16F7-4668-BE54-9A1E7A4F7556}") = "AdapterOrWrapper", "Adapter\AdapterOrWrapper.csproj", "{444F57E0-002E-4E84-B11A-BC09C7E6828A}"
EndProject
Project("{9A19103F-16F7-4668-BE54-9A1E7A4F7556}") = "Bridge", "Bridge\Bridge.csproj", "{29C95DFB-751D-4DD8-A861-41F1617CBE9B}"
EndProject
Project("{FAE04EC0-301F-11D3-BF4B-00C04F79EFBC}") = "FactoryMethod", "FactoryMethod\FactoryMethod.csproj", "{10B36B7B-AE2D-4AB6-B82C-5CA80D0CC26B}"
EndProject
Project("{FAE04EC0-301F-11D3-BF4B-00C04F79EFBC}") = "Singleton", "Singleton\Singleton.csproj", "{869A98B0-F6F5-4176-983D-B448CC38DB9F}"
EndProject
Project("{FAE04EC0-301F-11D3-BF4B-00C04F79EFBC}") = "Strategy", "Strategy\Strategy.csproj", "{CA5D70C6-3127-479A-95E4-A78726844D36}"
EndProject
Project("{FAE04EC0-301F-11D3-BF4B-00C04F79EFBC}") = "AbstractFactory", "AbstractFactory\AbstractFactory.csproj", "{1BC98C62-D601-48DB-B1FF-86AF1465B4C9}"
EndProject
Project("{FAE04EC0-301F-11D3-BF4B-00C04F79EFBC}") = "Repository", "Repository\Repository.csproj", "{BD5ADDD5-97B5-481A-9978-2D31E332A272}"
EndProject
Project("{FAE04EC0-301F-11D3-BF4B-00C04F79EFBC}") = "UnitOfWork", "UnitOfWork\UnitOfWork.csproj", "{5F7AD2B2-949D-4276-9BAC-8CB4D74031DB}"
EndProject
Project("{FAE04EC0-301F-11D3-BF4B-00C04F79EFBC}") = "Decorator", "Decorator\Decorator.csproj", "{E11A7E72-BCB9-4E54-9D50-BACBB1717EAD}"
EndProject
Project("{FAE04EC0-301F-11D3-BF4B-00C04F79EFBC}") = "Command", "Command\Command.csproj", "{A6A0AE33-37F9-4B9D-A758-CAFA0564C4D8}"
EndProject
Project("{FAE04EC0-301F-11D3-BF4B-00C04F79EFBC}") = "Mediator", "Mediator\Mediator.csproj", "{4047700F-109D-461A-ACFC-92D60F7FEB85}"
EndProject
Project("{FAE04EC0-301F-11D3-BF4B-00C04F79EFBC}") = "Facade", "Facade\Facade.csproj", "{31F19A54-CE5C-474C-8ACF-CC9A5356C808}"
EndProject
Project("{2150E333-8FDC-42A3-9474-1A3956D46DE8}") = "Creational", "Creational", "{1279F665-445E-4E7A-83E1-895547F01020}"
EndProject
Project("{FAE04EC0-301F-11D3-BF4B-00C04F79EFBC}") = "Builder", "Builder\Builder.csproj", "{E5E6D259-9A3B-4F0C-BC9F-CF3A4EACDB4A}"
EndProject
Project("{FAE04EC0-301F-11D3-BF4B-00C04F79EFBC}") = "Prototype", "Prototype\Prototype.csproj", "{8C5B3DC0-ABF3-4367-A77B-3D6AF6F56C23}"
EndProject
Project("{2150E333-8FDC-42A3-9474-1A3956D46DE8}") = "Structural", "Structural", "{DFFA9D34-9AB2-4BAE-899F-C7E4738DBF1D}"
EndProject
Project("{FAE04EC0-301F-11D3-BF4B-00C04F79EFBC}") = "Composite", "Composite\Composite.csproj", "{5808F586-8205-41BF-9CB8-1F3C25B5AFBA}"
EndProject
Project("{FAE04EC0-301F-11D3-BF4B-00C04F79EFBC}") = "Flyweight", "Flyweight\Flyweight.csproj", "{039E8580-F6B5-4346-B610-020D4C555F5C}"
EndProject
Project("{FAE04EC0-301F-11D3-BF4B-00C04F79EFBC}") = "Proxy", "Proxy\Proxy.csproj", "{412E416C-99C5-41BE-83EC-5C4CF8F90BAC}"
EndProject
Project("{2150E333-8FDC-42A3-9474-1A3956D46DE8}") = "Behavioral", "Behavioral", "{1EFD7406-28B7-42F2-9498-5B724724F32F}"
EndProject
Project("{2150E333-8FDC-42A3-9474-1A3956D46DE8}") = "Architectural", "Architectural", "{3181D868-C558-4C2C-9D35-7A9C0E9FFB12}"
EndProject
Project("{FAE04EC0-301F-11D3-BF4B-00C04F79EFBC}") = "State", "State\State.csproj", "{8341CB95-46BB-4B8A-8A2E-E55C458C0F20}"
EndProject
Project("{FAE04EC0-301F-11D3-BF4B-00C04F79EFBC}") = "TemplateMethod", "TemplateMethod\TemplateMethod.csproj", "{BF5170F7-33DB-49EE-B5C7-08DB9198A864}"
EndProject
Project("{FAE04EC0-301F-11D3-BF4B-00C04F79EFBC}") = "ChainOfResponsibility", "ChainOfResponsibility\ChainOfResponsibility.csproj", "{424AA85C-0981-412A-A5D7-68CF0C8F6F65}"
EndProject
Project("{FAE04EC0-301F-11D3-BF4B-00C04F79EFBC}") = "Interpreter", "Interpreter\Interpreter.csproj", "{DEAD8A19-7035-45DC-B6F2-FA0E1B1F7EEE}"
EndProject
Project("{FAE04EC0-301F-11D3-BF4B-00C04F79EFBC}") = "Iterator", "Iterator\Iterator.csproj", "{947DF0B6-D028-471B-B16F-ACBEE6A92961}"
EndProject
Project("{FAE04EC0-301F-11D3-BF4B-00C04F79EFBC}") = "Memento", "Memento\Memento.csproj", "{865FC3BC-6B32-41CD-888B-359C17B8E697}"
EndProject
Project("{FAE04EC0-301F-11D3-BF4B-00C04F79EFBC}") = "Observer", "Observer\Observer.csproj", "{F2EF610C-9C24-4310-B5E3-DFEB337A2A9D}"
EndProject
Project("{FAE04EC0-301F-11D3-BF4B-00C04F79EFBC}") = "Visitor", "Visitor\Visitor.csproj", "{BA2B657A-E542-43FF-9270-FA2E1AE36B79}"
EndProject
Global
	GlobalSection(SolutionConfigurationPlatforms) = preSolution
		Debug|Any CPU = Debug|Any CPU
		Release|Any CPU = Release|Any CPU
	EndGlobalSection
	GlobalSection(ProjectConfigurationPlatforms) = postSolution
		{444F57E0-002E-4E84-B11A-BC09C7E6828A}.Debug|Any CPU.ActiveCfg = Debug|Any CPU
		{444F57E0-002E-4E84-B11A-BC09C7E6828A}.Debug|Any CPU.Build.0 = Debug|Any CPU
		{444F57E0-002E-4E84-B11A-BC09C7E6828A}.Release|Any CPU.ActiveCfg = Release|Any CPU
		{444F57E0-002E-4E84-B11A-BC09C7E6828A}.Release|Any CPU.Build.0 = Release|Any CPU
		{29C95DFB-751D-4DD8-A861-41F1617CBE9B}.Debug|Any CPU.ActiveCfg = Debug|Any CPU
		{29C95DFB-751D-4DD8-A861-41F1617CBE9B}.Debug|Any CPU.Build.0 = Debug|Any CPU
		{29C95DFB-751D-4DD8-A861-41F1617CBE9B}.Release|Any CPU.ActiveCfg = Release|Any CPU
		{29C95DFB-751D-4DD8-A861-41F1617CBE9B}.Release|Any CPU.Build.0 = Release|Any CPU
		{10B36B7B-AE2D-4AB6-B82C-5CA80D0CC26B}.Debug|Any CPU.ActiveCfg = Debug|Any CPU
		{10B36B7B-AE2D-4AB6-B82C-5CA80D0CC26B}.Debug|Any CPU.Build.0 = Debug|Any CPU
		{10B36B7B-AE2D-4AB6-B82C-5CA80D0CC26B}.Release|Any CPU.ActiveCfg = Release|Any CPU
		{10B36B7B-AE2D-4AB6-B82C-5CA80D0CC26B}.Release|Any CPU.Build.0 = Release|Any CPU
		{869A98B0-F6F5-4176-983D-B448CC38DB9F}.Debug|Any CPU.ActiveCfg = Debug|Any CPU
		{869A98B0-F6F5-4176-983D-B448CC38DB9F}.Debug|Any CPU.Build.0 = Debug|Any CPU
		{869A98B0-F6F5-4176-983D-B448CC38DB9F}.Release|Any CPU.ActiveCfg = Release|Any CPU
		{869A98B0-F6F5-4176-983D-B448CC38DB9F}.Release|Any CPU.Build.0 = Release|Any CPU
		{CA5D70C6-3127-479A-95E4-A78726844D36}.Debug|Any CPU.ActiveCfg = Debug|Any CPU
		{CA5D70C6-3127-479A-95E4-A78726844D36}.Debug|Any CPU.Build.0 = Debug|Any CPU
		{CA5D70C6-3127-479A-95E4-A78726844D36}.Release|Any CPU.ActiveCfg = Release|Any CPU
		{CA5D70C6-3127-479A-95E4-A78726844D36}.Release|Any CPU.Build.0 = Release|Any CPU
		{1BC98C62-D601-48DB-B1FF-86AF1465B4C9}.Debug|Any CPU.ActiveCfg = Debug|Any CPU
		{1BC98C62-D601-48DB-B1FF-86AF1465B4C9}.Debug|Any CPU.Build.0 = Debug|Any CPU
		{1BC98C62-D601-48DB-B1FF-86AF1465B4C9}.Release|Any CPU.ActiveCfg = Release|Any CPU
		{1BC98C62-D601-48DB-B1FF-86AF1465B4C9}.Release|Any CPU.Build.0 = Release|Any CPU
		{BD5ADDD5-97B5-481A-9978-2D31E332A272}.Debug|Any CPU.ActiveCfg = Debug|Any CPU
		{BD5ADDD5-97B5-481A-9978-2D31E332A272}.Debug|Any CPU.Build.0 = Debug|Any CPU
		{BD5ADDD5-97B5-481A-9978-2D31E332A272}.Release|Any CPU.ActiveCfg = Release|Any CPU
		{BD5ADDD5-97B5-481A-9978-2D31E332A272}.Release|Any CPU.Build.0 = Release|Any CPU
		{5F7AD2B2-949D-4276-9BAC-8CB4D74031DB}.Debug|Any CPU.ActiveCfg = Debug|Any CPU
		{5F7AD2B2-949D-4276-9BAC-8CB4D74031DB}.Debug|Any CPU.Build.0 = Debug|Any CPU
		{5F7AD2B2-949D-4276-9BAC-8CB4D74031DB}.Release|Any CPU.ActiveCfg = Release|Any CPU
		{5F7AD2B2-949D-4276-9BAC-8CB4D74031DB}.Release|Any CPU.Build.0 = Release|Any CPU
		{E11A7E72-BCB9-4E54-9D50-BACBB1717EAD}.Debug|Any CPU.ActiveCfg = Debug|Any CPU
		{E11A7E72-BCB9-4E54-9D50-BACBB1717EAD}.Debug|Any CPU.Build.0 = Debug|Any CPU
		{E11A7E72-BCB9-4E54-9D50-BACBB1717EAD}.Release|Any CPU.ActiveCfg = Release|Any CPU
		{E11A7E72-BCB9-4E54-9D50-BACBB1717EAD}.Release|Any CPU.Build.0 = Release|Any CPU
		{A6A0AE33-37F9-4B9D-A758-CAFA0564C4D8}.Debug|Any CPU.ActiveCfg = Debug|Any CPU
		{A6A0AE33-37F9-4B9D-A758-CAFA0564C4D8}.Debug|Any CPU.Build.0 = Debug|Any CPU
		{A6A0AE33-37F9-4B9D-A758-CAFA0564C4D8}.Release|Any CPU.ActiveCfg = Release|Any CPU
		{A6A0AE33-37F9-4B9D-A758-CAFA0564C4D8}.Release|Any CPU.Build.0 = Release|Any CPU
		{4047700F-109D-461A-ACFC-92D60F7FEB85}.Debug|Any CPU.ActiveCfg = Debug|Any CPU
		{4047700F-109D-461A-ACFC-92D60F7FEB85}.Debug|Any CPU.Build.0 = Debug|Any CPU
		{4047700F-109D-461A-ACFC-92D60F7FEB85}.Release|Any CPU.ActiveCfg = Release|Any CPU
		{4047700F-109D-461A-ACFC-92D60F7FEB85}.Release|Any CPU.Build.0 = Release|Any CPU
		{31F19A54-CE5C-474C-8ACF-CC9A5356C808}.Debug|Any CPU.ActiveCfg = Debug|Any CPU
		{31F19A54-CE5C-474C-8ACF-CC9A5356C808}.Debug|Any CPU.Build.0 = Debug|Any CPU
		{31F19A54-CE5C-474C-8ACF-CC9A5356C808}.Release|Any CPU.ActiveCfg = Release|Any CPU
		{31F19A54-CE5C-474C-8ACF-CC9A5356C808}.Release|Any CPU.Build.0 = Release|Any CPU
		{E5E6D259-9A3B-4F0C-BC9F-CF3A4EACDB4A}.Debug|Any CPU.ActiveCfg = Debug|Any CPU
		{E5E6D259-9A3B-4F0C-BC9F-CF3A4EACDB4A}.Debug|Any CPU.Build.0 = Debug|Any CPU
		{E5E6D259-9A3B-4F0C-BC9F-CF3A4EACDB4A}.Release|Any CPU.ActiveCfg = Release|Any CPU
		{E5E6D259-9A3B-4F0C-BC9F-CF3A4EACDB4A}.Release|Any CPU.Build.0 = Release|Any CPU
		{8C5B3DC0-ABF3-4367-A77B-3D6AF6F56C23}.Debug|Any CPU.ActiveCfg = Debug|Any CPU
		{8C5B3DC0-ABF3-4367-A77B-3D6AF6F56C23}.Debug|Any CPU.Build.0 = Debug|Any CPU
		{8C5B3DC0-ABF3-4367-A77B-3D6AF6F56C23}.Release|Any CPU.ActiveCfg = Release|Any CPU
		{8C5B3DC0-ABF3-4367-A77B-3D6AF6F56C23}.Release|Any CPU.Build.0 = Release|Any CPU
		{5808F586-8205-41BF-9CB8-1F3C25B5AFBA}.Debug|Any CPU.ActiveCfg = Debug|Any CPU
		{5808F586-8205-41BF-9CB8-1F3C25B5AFBA}.Debug|Any CPU.Build.0 = Debug|Any CPU
		{5808F586-8205-41BF-9CB8-1F3C25B5AFBA}.Release|Any CPU.ActiveCfg = Release|Any CPU
		{5808F586-8205-41BF-9CB8-1F3C25B5AFBA}.Release|Any CPU.Build.0 = Release|Any CPU
		{039E8580-F6B5-4346-B610-020D4C555F5C}.Debug|Any CPU.ActiveCfg = Debug|Any CPU
		{039E8580-F6B5-4346-B610-020D4C555F5C}.Debug|Any CPU.Build.0 = Debug|Any CPU
		{039E8580-F6B5-4346-B610-020D4C555F5C}.Release|Any CPU.ActiveCfg = Release|Any CPU
		{039E8580-F6B5-4346-B610-020D4C555F5C}.Release|Any CPU.Build.0 = Release|Any CPU
		{412E416C-99C5-41BE-83EC-5C4CF8F90BAC}.Debug|Any CPU.ActiveCfg = Debug|Any CPU
		{412E416C-99C5-41BE-83EC-5C4CF8F90BAC}.Debug|Any CPU.Build.0 = Debug|Any CPU
		{412E416C-99C5-41BE-83EC-5C4CF8F90BAC}.Release|Any CPU.ActiveCfg = Release|Any CPU
		{412E416C-99C5-41BE-83EC-5C4CF8F90BAC}.Release|Any CPU.Build.0 = Release|Any CPU
		{8341CB95-46BB-4B8A-8A2E-E55C458C0F20}.Debug|Any CPU.ActiveCfg = Debug|Any CPU
		{8341CB95-46BB-4B8A-8A2E-E55C458C0F20}.Debug|Any CPU.Build.0 = Debug|Any CPU
		{8341CB95-46BB-4B8A-8A2E-E55C458C0F20}.Release|Any CPU.ActiveCfg = Release|Any CPU
		{8341CB95-46BB-4B8A-8A2E-E55C458C0F20}.Release|Any CPU.Build.0 = Release|Any CPU
		{BF5170F7-33DB-49EE-B5C7-08DB9198A864}.Debug|Any CPU.ActiveCfg = Debug|Any CPU
		{BF5170F7-33DB-49EE-B5C7-08DB9198A864}.Debug|Any CPU.Build.0 = Debug|Any CPU
		{BF5170F7-33DB-49EE-B5C7-08DB9198A864}.Release|Any CPU.ActiveCfg = Release|Any CPU
		{BF5170F7-33DB-49EE-B5C7-08DB9198A864}.Release|Any CPU.Build.0 = Release|Any CPU
		{424AA85C-0981-412A-A5D7-68CF0C8F6F65}.Debug|Any CPU.ActiveCfg = Debug|Any CPU
		{424AA85C-0981-412A-A5D7-68CF0C8F6F65}.Debug|Any CPU.Build.0 = Debug|Any CPU
		{424AA85C-0981-412A-A5D7-68CF0C8F6F65}.Release|Any CPU.ActiveCfg = Release|Any CPU
		{424AA85C-0981-412A-A5D7-68CF0C8F6F65}.Release|Any CPU.Build.0 = Release|Any CPU
		{DEAD8A19-7035-45DC-B6F2-FA0E1B1F7EEE}.Debug|Any CPU.ActiveCfg = Debug|Any CPU
		{DEAD8A19-7035-45DC-B6F2-FA0E1B1F7EEE}.Debug|Any CPU.Build.0 = Debug|Any CPU
		{DEAD8A19-7035-45DC-B6F2-FA0E1B1F7EEE}.Release|Any CPU.ActiveCfg = Release|Any CPU
		{DEAD8A19-7035-45DC-B6F2-FA0E1B1F7EEE}.Release|Any CPU.Build.0 = Release|Any CPU
		{947DF0B6-D028-471B-B16F-ACBEE6A92961}.Debug|Any CPU.ActiveCfg = Debug|Any CPU
		{947DF0B6-D028-471B-B16F-ACBEE6A92961}.Debug|Any CPU.Build.0 = Debug|Any CPU
		{947DF0B6-D028-471B-B16F-ACBEE6A92961}.Release|Any CPU.ActiveCfg = Release|Any CPU
		{947DF0B6-D028-471B-B16F-ACBEE6A92961}.Release|Any CPU.Build.0 = Release|Any CPU
		{865FC3BC-6B32-41CD-888B-359C17B8E697}.Debug|Any CPU.ActiveCfg = Debug|Any CPU
		{865FC3BC-6B32-41CD-888B-359C17B8E697}.Debug|Any CPU.Build.0 = Debug|Any CPU
		{865FC3BC-6B32-41CD-888B-359C17B8E697}.Release|Any CPU.ActiveCfg = Release|Any CPU
		{865FC3BC-6B32-41CD-888B-359C17B8E697}.Release|Any CPU.Build.0 = Release|Any CPU
		{F2EF610C-9C24-4310-B5E3-DFEB337A2A9D}.Debug|Any CPU.ActiveCfg = Debug|Any CPU
		{F2EF610C-9C24-4310-B5E3-DFEB337A2A9D}.Debug|Any CPU.Build.0 = Debug|Any CPU
		{F2EF610C-9C24-4310-B5E3-DFEB337A2A9D}.Release|Any CPU.ActiveCfg = Release|Any CPU
		{F2EF610C-9C24-4310-B5E3-DFEB337A2A9D}.Release|Any CPU.Build.0 = Release|Any CPU
		{BA2B657A-E542-43FF-9270-FA2E1AE36B79}.Debug|Any CPU.ActiveCfg = Debug|Any CPU
		{BA2B657A-E542-43FF-9270-FA2E1AE36B79}.Debug|Any CPU.Build.0 = Debug|Any CPU
		{BA2B657A-E542-43FF-9270-FA2E1AE36B79}.Release|Any CPU.ActiveCfg = Release|Any CPU
		{BA2B657A-E542-43FF-9270-FA2E1AE36B79}.Release|Any CPU.Build.0 = Release|Any CPU
	EndGlobalSection
	GlobalSection(SolutionProperties) = preSolution
		HideSolutionNode = FALSE
	EndGlobalSection
	GlobalSection(NestedProjects) = preSolution
		{444F57E0-002E-4E84-B11A-BC09C7E6828A} = {DFFA9D34-9AB2-4BAE-899F-C7E4738DBF1D}
		{29C95DFB-751D-4DD8-A861-41F1617CBE9B} = {DFFA9D34-9AB2-4BAE-899F-C7E4738DBF1D}
		{10B36B7B-AE2D-4AB6-B82C-5CA80D0CC26B} = {1279F665-445E-4E7A-83E1-895547F01020}
		{869A98B0-F6F5-4176-983D-B448CC38DB9F} = {1279F665-445E-4E7A-83E1-895547F01020}
		{CA5D70C6-3127-479A-95E4-A78726844D36} = {1EFD7406-28B7-42F2-9498-5B724724F32F}
		{1BC98C62-D601-48DB-B1FF-86AF1465B4C9} = {1279F665-445E-4E7A-83E1-895547F01020}
		{BD5ADDD5-97B5-481A-9978-2D31E332A272} = {3181D868-C558-4C2C-9D35-7A9C0E9FFB12}
		{5F7AD2B2-949D-4276-9BAC-8CB4D74031DB} = {3181D868-C558-4C2C-9D35-7A9C0E9FFB12}
		{E11A7E72-BCB9-4E54-9D50-BACBB1717EAD} = {DFFA9D34-9AB2-4BAE-899F-C7E4738DBF1D}
		{A6A0AE33-37F9-4B9D-A758-CAFA0564C4D8} = {1EFD7406-28B7-42F2-9498-5B724724F32F}
		{4047700F-109D-461A-ACFC-92D60F7FEB85} = {1EFD7406-28B7-42F2-9498-5B724724F32F}
		{31F19A54-CE5C-474C-8ACF-CC9A5356C808} = {DFFA9D34-9AB2-4BAE-899F-C7E4738DBF1D}
		{E5E6D259-9A3B-4F0C-BC9F-CF3A4EACDB4A} = {1279F665-445E-4E7A-83E1-895547F01020}
		{8C5B3DC0-ABF3-4367-A77B-3D6AF6F56C23} = {1279F665-445E-4E7A-83E1-895547F01020}
		{5808F586-8205-41BF-9CB8-1F3C25B5AFBA} = {DFFA9D34-9AB2-4BAE-899F-C7E4738DBF1D}
		{039E8580-F6B5-4346-B610-020D4C555F5C} = {DFFA9D34-9AB2-4BAE-899F-C7E4738DBF1D}
		{412E416C-99C5-41BE-83EC-5C4CF8F90BAC} = {DFFA9D34-9AB2-4BAE-899F-C7E4738DBF1D}
		{8341CB95-46BB-4B8A-8A2E-E55C458C0F20} = {1EFD7406-28B7-42F2-9498-5B724724F32F}
		{BF5170F7-33DB-49EE-B5C7-08DB9198A864} = {1EFD7406-28B7-42F2-9498-5B724724F32F}
		{424AA85C-0981-412A-A5D7-68CF0C8F6F65} = {1EFD7406-28B7-42F2-9498-5B724724F32F}
		{DEAD8A19-7035-45DC-B6F2-FA0E1B1F7EEE} = {1EFD7406-28B7-42F2-9498-5B724724F32F}
		{947DF0B6-D028-471B-B16F-ACBEE6A92961} = {1EFD7406-28B7-42F2-9498-5B724724F32F}
		{865FC3BC-6B32-41CD-888B-359C17B8E697} = {1EFD7406-28B7-42F2-9498-5B724724F32F}
		{F2EF610C-9C24-4310-B5E3-DFEB337A2A9D} = {1EFD7406-28B7-42F2-9498-5B724724F32F}
		{BA2B657A-E542-43FF-9270-FA2E1AE36B79} = {1EFD7406-28B7-42F2-9498-5B724724F32F}
	EndGlobalSection
	GlobalSection(ExtensibilityGlobals) = postSolution
		SolutionGuid = {32565C5A-C3C1-468B-91D1-59A140EB32EB}
	EndGlobalSection
EndGlobal
