
Microsoft Visual Studio Solution File, Format Version 12.00
# Visual Studio Version 17
VisualStudioVersion = 17.11.35222.181
MinimumVisualStudioVersion = 10.0.40219.1
Project("{9A19103F-16F7-4668-BE54-9A1E7A4F7556}") = "ChainOfResponsibility", "Behavioral\ChainOfResponsibility\ChainOfResponsibility.csproj", "{CF971B5E-78A2-4D23-B276-74C46449C66B}"
EndProject
Project("{2150E333-8FDC-42A3-9474-1A3956D46DE8}") = "Behavioral", "Behavioral", "{4DB67E64-3BDF-47F8-AE8A-B0A1480DDA6F}"
EndProject
Project("{9A19103F-16F7-4668-BE54-9A1E7A4F7556}") = "Command", "Behavioral\Command\Command.csproj", "{E0BA4E7E-6B0C-4A8F-A606-2D1F0D1C4593}"
EndProject
Project("{9A19103F-16F7-4668-BE54-9A1E7A4F7556}") = "Interpreter", "Behavioral\Interpreter\Interpreter.csproj", "{CAC4A2FD-8EDC-40C3-9907-964B4953CDEE}"
EndProject
Project("{9A19103F-16F7-4668-BE54-9A1E7A4F7556}") = "Iterator", "Behavioral\Iterator\Iterator.csproj", "{E7C510DB-B3AA-4E15-BF64-F93996F2946A}"
EndProject
Project("{9A19103F-16F7-4668-BE54-9A1E7A4F7556}") = "Mediator", "Behavioral\Mediator\Mediator.csproj", "{E035D73F-0838-477D-B883-13CFDC7EA25D}"
EndProject
Project("{9A19103F-16F7-4668-BE54-9A1E7A4F7556}") = "Memento", "Behavioral\Memento\Memento.csproj", "{20D5DC1B-4716-4FFC-8774-A4B5EE7FAF6F}"
EndProject
Project("{9A19103F-16F7-4668-BE54-9A1E7A4F7556}") = "Observer", "Behavioral\Observer\Observer.csproj", "{E4B558DC-4119-411F-8011-E6EFF100229B}"
EndProject
Project("{9A19103F-16F7-4668-BE54-9A1E7A4F7556}") = "State", "Behavioral\State\State.csproj", "{4766C772-84CC-4BD4-B688-164837AC734E}"
EndProject
Project("{9A19103F-16F7-4668-BE54-9A1E7A4F7556}") = "Strategy", "Behavioral\Strategy\Strategy.csproj", "{2BF53AAE-EED5-4919-AC41-CF828317D32C}"
EndProject
Project("{9A19103F-16F7-4668-BE54-9A1E7A4F7556}") = "TemplateMethod", "Behavioral\TemplateMethod\TemplateMethod.csproj", "{0334FEDB-4850-4125-8235-6332A8C1F32B}"
EndProject
Project("{9A19103F-16F7-4668-BE54-9A1E7A4F7556}") = "Visitor", "Behavioral\Visitor\Visitor.csproj", "{4CF22770-0FAB-4FB8-B44E-0DD4654D3B15}"
EndProject
Project("{2150E333-8FDC-42A3-9474-1A3956D46DE8}") = "Creational", "Creational", "{CE6DE922-6368-4A01-9ACA-9E5308480484}"
EndProject
Project("{2150E333-8FDC-42A3-9474-1A3956D46DE8}") = "Structural", "Structural", "{D8F74857-E103-42BA-B489-AF48EAAEF84B}"
EndProject
Project("{9A19103F-16F7-4668-BE54-9A1E7A4F7556}") = "AbstractFactory", "Creational\AbstractFactory\AbstractFactory.csproj", "{A449A508-887C-45D8-BF9F-850EADA31E33}"
EndProject
Project("{9A19103F-16F7-4668-BE54-9A1E7A4F7556}") = "Builder", "Creational\Builder\Builder.csproj", "{7AB7797C-F817-46E6-8558-667BAA83F192}"
EndProject
Project("{9A19103F-16F7-4668-BE54-9A1E7A4F7556}") = "FactoryMethod", "Creational\FactoryMethod\FactoryMethod.csproj", "{A8CF86A0-C4FB-4C2C-9E32-AE986030ACB2}"
EndProject
Project("{9A19103F-16F7-4668-BE54-9A1E7A4F7556}") = "Prototype", "Creational\Prototype\Prototype.csproj", "{E5DFF55C-7898-4497-9B2E-FA557028AA17}"
EndProject
Project("{9A19103F-16F7-4668-BE54-9A1E7A4F7556}") = "Singleton", "Creational\Singleton\Singleton.csproj", "{80487CCB-005E-413F-A9DF-814FF45BE06D}"
EndProject
Project("{9A19103F-16F7-4668-BE54-9A1E7A4F7556}") = "AdapterOrWrapper", "Structural\Adapter\AdapterOrWrapper.csproj", "{B1461401-AA67-453C-BC1D-F27C77A501F1}"
EndProject
Project("{9A19103F-16F7-4668-BE54-9A1E7A4F7556}") = "Bridge", "Structural\Bridge\Bridge.csproj", "{2C4C01D9-B160-418E-9633-4E7536BBB343}"
EndProject
Project("{9A19103F-16F7-4668-BE54-9A1E7A4F7556}") = "Composite", "Structural\Composite\Composite.csproj", "{57FA85D0-D254-4A2A-B7A9-3F47861A9EBB}"
EndProject
Project("{9A19103F-16F7-4668-BE54-9A1E7A4F7556}") = "Decorator", "Structural\Decorator\Decorator.csproj", "{3A90622B-BA43-43A8-8009-67B1D37F8F26}"
EndProject
Project("{9A19103F-16F7-4668-BE54-9A1E7A4F7556}") = "Facade", "Structural\Facade\Facade.csproj", "{1ADF7CD5-F8F1-4F08-92F9-3B7567AEBB61}"
EndProject
Project("{9A19103F-16F7-4668-BE54-9A1E7A4F7556}") = "Flyweight", "Structural\Flyweight\Flyweight.csproj", "{8477A401-8E9B-4C5E-9613-71769467BF4C}"
EndProject
Project("{9A19103F-16F7-4668-BE54-9A1E7A4F7556}") = "Proxy", "Structural\Proxy\Proxy.csproj", "{6C5C842E-C75E-4EAF-BB49-E960788A0DD6}"
EndProject
Project("{9A19103F-16F7-4668-BE54-9A1E7A4F7556}") = "Repository", "Structural\Repository\Repository.csproj", "{D83B9A7D-3EE1-488F-A1AD-D59F056D5220}"
EndProject
Project("{9A19103F-16F7-4668-BE54-9A1E7A4F7556}") = "UnitOfWork", "Structural\UnitOfWork\UnitOfWork.csproj", "{F474AF43-9506-497A-9FD8-DF5BE93AF109}"
EndProject
Global
	GlobalSection(SolutionConfigurationPlatforms) = preSolution
		Debug|Any CPU = Debug|Any CPU
		Release|Any CPU = Release|Any CPU
	EndGlobalSection
	GlobalSection(ProjectConfigurationPlatforms) = postSolution
		{CF971B5E-78A2-4D23-B276-74C46449C66B}.Debug|Any CPU.ActiveCfg = Debug|Any CPU
		{CF971B5E-78A2-4D23-B276-74C46449C66B}.Debug|Any CPU.Build.0 = Debug|Any CPU
		{CF971B5E-78A2-4D23-B276-74C46449C66B}.Release|Any CPU.ActiveCfg = Release|Any CPU
		{CF971B5E-78A2-4D23-B276-74C46449C66B}.Release|Any CPU.Build.0 = Release|Any CPU
		{E0BA4E7E-6B0C-4A8F-A606-2D1F0D1C4593}.Debug|Any CPU.ActiveCfg = Debug|Any CPU
		{E0BA4E7E-6B0C-4A8F-A606-2D1F0D1C4593}.Debug|Any CPU.Build.0 = Debug|Any CPU
		{E0BA4E7E-6B0C-4A8F-A606-2D1F0D1C4593}.Release|Any CPU.ActiveCfg = Release|Any CPU
		{E0BA4E7E-6B0C-4A8F-A606-2D1F0D1C4593}.Release|Any CPU.Build.0 = Release|Any CPU
		{CAC4A2FD-8EDC-40C3-9907-964B4953CDEE}.Debug|Any CPU.ActiveCfg = Debug|Any CPU
		{CAC4A2FD-8EDC-40C3-9907-964B4953CDEE}.Debug|Any CPU.Build.0 = Debug|Any CPU
		{CAC4A2FD-8EDC-40C3-9907-964B4953CDEE}.Release|Any CPU.ActiveCfg = Release|Any CPU
		{CAC4A2FD-8EDC-40C3-9907-964B4953CDEE}.Release|Any CPU.Build.0 = Release|Any CPU
		{E7C510DB-B3AA-4E15-BF64-F93996F2946A}.Debug|Any CPU.ActiveCfg = Debug|Any CPU
		{E7C510DB-B3AA-4E15-BF64-F93996F2946A}.Debug|Any CPU.Build.0 = Debug|Any CPU
		{E7C510DB-B3AA-4E15-BF64-F93996F2946A}.Release|Any CPU.ActiveCfg = Release|Any CPU
		{E7C510DB-B3AA-4E15-BF64-F93996F2946A}.Release|Any CPU.Build.0 = Release|Any CPU
		{E035D73F-0838-477D-B883-13CFDC7EA25D}.Debug|Any CPU.ActiveCfg = Debug|Any CPU
		{E035D73F-0838-477D-B883-13CFDC7EA25D}.Debug|Any CPU.Build.0 = Debug|Any CPU
		{E035D73F-0838-477D-B883-13CFDC7EA25D}.Release|Any CPU.ActiveCfg = Release|Any CPU
		{E035D73F-0838-477D-B883-13CFDC7EA25D}.Release|Any CPU.Build.0 = Release|Any CPU
		{20D5DC1B-4716-4FFC-8774-A4B5EE7FAF6F}.Debug|Any CPU.ActiveCfg = Debug|Any CPU
		{20D5DC1B-4716-4FFC-8774-A4B5EE7FAF6F}.Debug|Any CPU.Build.0 = Debug|Any CPU
		{20D5DC1B-4716-4FFC-8774-A4B5EE7FAF6F}.Release|Any CPU.ActiveCfg = Release|Any CPU
		{20D5DC1B-4716-4FFC-8774-A4B5EE7FAF6F}.Release|Any CPU.Build.0 = Release|Any CPU
		{E4B558DC-4119-411F-8011-E6EFF100229B}.Debug|Any CPU.ActiveCfg = Debug|Any CPU
		{E4B558DC-4119-411F-8011-E6EFF100229B}.Debug|Any CPU.Build.0 = Debug|Any CPU
		{E4B558DC-4119-411F-8011-E6EFF100229B}.Release|Any CPU.ActiveCfg = Release|Any CPU
		{E4B558DC-4119-411F-8011-E6EFF100229B}.Release|Any CPU.Build.0 = Release|Any CPU
		{4766C772-84CC-4BD4-B688-164837AC734E}.Debug|Any CPU.ActiveCfg = Debug|Any CPU
		{4766C772-84CC-4BD4-B688-164837AC734E}.Debug|Any CPU.Build.0 = Debug|Any CPU
		{4766C772-84CC-4BD4-B688-164837AC734E}.Release|Any CPU.ActiveCfg = Release|Any CPU
		{4766C772-84CC-4BD4-B688-164837AC734E}.Release|Any CPU.Build.0 = Release|Any CPU
		{2BF53AAE-EED5-4919-AC41-CF828317D32C}.Debug|Any CPU.ActiveCfg = Debug|Any CPU
		{2BF53AAE-EED5-4919-AC41-CF828317D32C}.Debug|Any CPU.Build.0 = Debug|Any CPU
		{2BF53AAE-EED5-4919-AC41-CF828317D32C}.Release|Any CPU.ActiveCfg = Release|Any CPU
		{2BF53AAE-EED5-4919-AC41-CF828317D32C}.Release|Any CPU.Build.0 = Release|Any CPU
		{0334FEDB-4850-4125-8235-6332A8C1F32B}.Debug|Any CPU.ActiveCfg = Debug|Any CPU
		{0334FEDB-4850-4125-8235-6332A8C1F32B}.Debug|Any CPU.Build.0 = Debug|Any CPU
		{0334FEDB-4850-4125-8235-6332A8C1F32B}.Release|Any CPU.ActiveCfg = Release|Any CPU
		{0334FEDB-4850-4125-8235-6332A8C1F32B}.Release|Any CPU.Build.0 = Release|Any CPU
		{4CF22770-0FAB-4FB8-B44E-0DD4654D3B15}.Debug|Any CPU.ActiveCfg = Debug|Any CPU
		{4CF22770-0FAB-4FB8-B44E-0DD4654D3B15}.Debug|Any CPU.Build.0 = Debug|Any CPU
		{4CF22770-0FAB-4FB8-B44E-0DD4654D3B15}.Release|Any CPU.ActiveCfg = Release|Any CPU
		{4CF22770-0FAB-4FB8-B44E-0DD4654D3B15}.Release|Any CPU.Build.0 = Release|Any CPU
		{A449A508-887C-45D8-BF9F-850EADA31E33}.Debug|Any CPU.ActiveCfg = Debug|Any CPU
		{A449A508-887C-45D8-BF9F-850EADA31E33}.Debug|Any CPU.Build.0 = Debug|Any CPU
		{A449A508-887C-45D8-BF9F-850EADA31E33}.Release|Any CPU.ActiveCfg = Release|Any CPU
		{A449A508-887C-45D8-BF9F-850EADA31E33}.Release|Any CPU.Build.0 = Release|Any CPU
		{7AB7797C-F817-46E6-8558-667BAA83F192}.Debug|Any CPU.ActiveCfg = Debug|Any CPU
		{7AB7797C-F817-46E6-8558-667BAA83F192}.Debug|Any CPU.Build.0 = Debug|Any CPU
		{7AB7797C-F817-46E6-8558-667BAA83F192}.Release|Any CPU.ActiveCfg = Release|Any CPU
		{7AB7797C-F817-46E6-8558-667BAA83F192}.Release|Any CPU.Build.0 = Release|Any CPU
		{A8CF86A0-C4FB-4C2C-9E32-AE986030ACB2}.Debug|Any CPU.ActiveCfg = Debug|Any CPU
		{A8CF86A0-C4FB-4C2C-9E32-AE986030ACB2}.Debug|Any CPU.Build.0 = Debug|Any CPU
		{A8CF86A0-C4FB-4C2C-9E32-AE986030ACB2}.Release|Any CPU.ActiveCfg = Release|Any CPU
		{A8CF86A0-C4FB-4C2C-9E32-AE986030ACB2}.Release|Any CPU.Build.0 = Release|Any CPU
		{E5DFF55C-7898-4497-9B2E-FA557028AA17}.Debug|Any CPU.ActiveCfg = Debug|Any CPU
		{E5DFF55C-7898-4497-9B2E-FA557028AA17}.Debug|Any CPU.Build.0 = Debug|Any CPU
		{E5DFF55C-7898-4497-9B2E-FA557028AA17}.Release|Any CPU.ActiveCfg = Release|Any CPU
		{E5DFF55C-7898-4497-9B2E-FA557028AA17}.Release|Any CPU.Build.0 = Release|Any CPU
		{80487CCB-005E-413F-A9DF-814FF45BE06D}.Debug|Any CPU.ActiveCfg = Debug|Any CPU
		{80487CCB-005E-413F-A9DF-814FF45BE06D}.Debug|Any CPU.Build.0 = Debug|Any CPU
		{80487CCB-005E-413F-A9DF-814FF45BE06D}.Release|Any CPU.ActiveCfg = Release|Any CPU
		{80487CCB-005E-413F-A9DF-814FF45BE06D}.Release|Any CPU.Build.0 = Release|Any CPU
		{B1461401-AA67-453C-BC1D-F27C77A501F1}.Debug|Any CPU.ActiveCfg = Debug|Any CPU
		{B1461401-AA67-453C-BC1D-F27C77A501F1}.Debug|Any CPU.Build.0 = Debug|Any CPU
		{B1461401-AA67-453C-BC1D-F27C77A501F1}.Release|Any CPU.ActiveCfg = Release|Any CPU
		{B1461401-AA67-453C-BC1D-F27C77A501F1}.Release|Any CPU.Build.0 = Release|Any CPU
		{2C4C01D9-B160-418E-9633-4E7536BBB343}.Debug|Any CPU.ActiveCfg = Debug|Any CPU
		{2C4C01D9-B160-418E-9633-4E7536BBB343}.Debug|Any CPU.Build.0 = Debug|Any CPU
		{2C4C01D9-B160-418E-9633-4E7536BBB343}.Release|Any CPU.ActiveCfg = Release|Any CPU
		{2C4C01D9-B160-418E-9633-4E7536BBB343}.Release|Any CPU.Build.0 = Release|Any CPU
		{57FA85D0-D254-4A2A-B7A9-3F47861A9EBB}.Debug|Any CPU.ActiveCfg = Debug|Any CPU
		{57FA85D0-D254-4A2A-B7A9-3F47861A9EBB}.Debug|Any CPU.Build.0 = Debug|Any CPU
		{57FA85D0-D254-4A2A-B7A9-3F47861A9EBB}.Release|Any CPU.ActiveCfg = Release|Any CPU
		{57FA85D0-D254-4A2A-B7A9-3F47861A9EBB}.Release|Any CPU.Build.0 = Release|Any CPU
		{3A90622B-BA43-43A8-8009-67B1D37F8F26}.Debug|Any CPU.ActiveCfg = Debug|Any CPU
		{3A90622B-BA43-43A8-8009-67B1D37F8F26}.Debug|Any CPU.Build.0 = Debug|Any CPU
		{3A90622B-BA43-43A8-8009-67B1D37F8F26}.Release|Any CPU.ActiveCfg = Release|Any CPU
		{3A90622B-BA43-43A8-8009-67B1D37F8F26}.Release|Any CPU.Build.0 = Release|Any CPU
		{1ADF7CD5-F8F1-4F08-92F9-3B7567AEBB61}.Debug|Any CPU.ActiveCfg = Debug|Any CPU
		{1ADF7CD5-F8F1-4F08-92F9-3B7567AEBB61}.Debug|Any CPU.Build.0 = Debug|Any CPU
		{1ADF7CD5-F8F1-4F08-92F9-3B7567AEBB61}.Release|Any CPU.ActiveCfg = Release|Any CPU
		{1ADF7CD5-F8F1-4F08-92F9-3B7567AEBB61}.Release|Any CPU.Build.0 = Release|Any CPU
		{8477A401-8E9B-4C5E-9613-71769467BF4C}.Debug|Any CPU.ActiveCfg = Debug|Any CPU
		{8477A401-8E9B-4C5E-9613-71769467BF4C}.Debug|Any CPU.Build.0 = Debug|Any CPU
		{8477A401-8E9B-4C5E-9613-71769467BF4C}.Release|Any CPU.ActiveCfg = Release|Any CPU
		{8477A401-8E9B-4C5E-9613-71769467BF4C}.Release|Any CPU.Build.0 = Release|Any CPU
		{6C5C842E-C75E-4EAF-BB49-E960788A0DD6}.Debug|Any CPU.ActiveCfg = Debug|Any CPU
		{6C5C842E-C75E-4EAF-BB49-E960788A0DD6}.Debug|Any CPU.Build.0 = Debug|Any CPU
		{6C5C842E-C75E-4EAF-BB49-E960788A0DD6}.Release|Any CPU.ActiveCfg = Release|Any CPU
		{6C5C842E-C75E-4EAF-BB49-E960788A0DD6}.Release|Any CPU.Build.0 = Release|Any CPU
		{D83B9A7D-3EE1-488F-A1AD-D59F056D5220}.Debug|Any CPU.ActiveCfg = Debug|Any CPU
		{D83B9A7D-3EE1-488F-A1AD-D59F056D5220}.Debug|Any CPU.Build.0 = Debug|Any CPU
		{D83B9A7D-3EE1-488F-A1AD-D59F056D5220}.Release|Any CPU.ActiveCfg = Release|Any CPU
		{D83B9A7D-3EE1-488F-A1AD-D59F056D5220}.Release|Any CPU.Build.0 = Release|Any CPU
		{F474AF43-9506-497A-9FD8-DF5BE93AF109}.Debug|Any CPU.ActiveCfg = Debug|Any CPU
		{F474AF43-9506-497A-9FD8-DF5BE93AF109}.Debug|Any CPU.Build.0 = Debug|Any CPU
		{F474AF43-9506-497A-9FD8-DF5BE93AF109}.Release|Any CPU.ActiveCfg = Release|Any CPU
		{F474AF43-9506-497A-9FD8-DF5BE93AF109}.Release|Any CPU.Build.0 = Release|Any CPU
	EndGlobalSection
	GlobalSection(SolutionProperties) = preSolution
		HideSolutionNode = FALSE
	EndGlobalSection
	GlobalSection(NestedProjects) = preSolution
		{CF971B5E-78A2-4D23-B276-74C46449C66B} = {4DB67E64-3BDF-47F8-AE8A-B0A1480DDA6F}
		{E0BA4E7E-6B0C-4A8F-A606-2D1F0D1C4593} = {4DB67E64-3BDF-47F8-AE8A-B0A1480DDA6F}
		{CAC4A2FD-8EDC-40C3-9907-964B4953CDEE} = {4DB67E64-3BDF-47F8-AE8A-B0A1480DDA6F}
		{E7C510DB-B3AA-4E15-BF64-F93996F2946A} = {4DB67E64-3BDF-47F8-AE8A-B0A1480DDA6F}
		{E035D73F-0838-477D-B883-13CFDC7EA25D} = {4DB67E64-3BDF-47F8-AE8A-B0A1480DDA6F}
		{20D5DC1B-4716-4FFC-8774-A4B5EE7FAF6F} = {4DB67E64-3BDF-47F8-AE8A-B0A1480DDA6F}
		{E4B558DC-4119-411F-8011-E6EFF100229B} = {4DB67E64-3BDF-47F8-AE8A-B0A1480DDA6F}
		{4766C772-84CC-4BD4-B688-164837AC734E} = {4DB67E64-3BDF-47F8-AE8A-B0A1480DDA6F}
		{2BF53AAE-EED5-4919-AC41-CF828317D32C} = {4DB67E64-3BDF-47F8-AE8A-B0A1480DDA6F}
		{0334FEDB-4850-4125-8235-6332A8C1F32B} = {4DB67E64-3BDF-47F8-AE8A-B0A1480DDA6F}
		{4CF22770-0FAB-4FB8-B44E-0DD4654D3B15} = {4DB67E64-3BDF-47F8-AE8A-B0A1480DDA6F}
		{A449A508-887C-45D8-BF9F-850EADA31E33} = {CE6DE922-6368-4A01-9ACA-9E5308480484}
		{7AB7797C-F817-46E6-8558-667BAA83F192} = {CE6DE922-6368-4A01-9ACA-9E5308480484}
		{A8CF86A0-C4FB-4C2C-9E32-AE986030ACB2} = {CE6DE922-6368-4A01-9ACA-9E5308480484}
		{E5DFF55C-7898-4497-9B2E-FA557028AA17} = {CE6DE922-6368-4A01-9ACA-9E5308480484}
		{80487CCB-005E-413F-A9DF-814FF45BE06D} = {CE6DE922-6368-4A01-9ACA-9E5308480484}
		{B1461401-AA67-453C-BC1D-F27C77A501F1} = {D8F74857-E103-42BA-B489-AF48EAAEF84B}
		{2C4C01D9-B160-418E-9633-4E7536BBB343} = {D8F74857-E103-42BA-B489-AF48EAAEF84B}
		{57FA85D0-D254-4A2A-B7A9-3F47861A9EBB} = {D8F74857-E103-42BA-B489-AF48EAAEF84B}
		{3A90622B-BA43-43A8-8009-67B1D37F8F26} = {D8F74857-E103-42BA-B489-AF48EAAEF84B}
		{1ADF7CD5-F8F1-4F08-92F9-3B7567AEBB61} = {D8F74857-E103-42BA-B489-AF48EAAEF84B}
		{8477A401-8E9B-4C5E-9613-71769467BF4C} = {D8F74857-E103-42BA-B489-AF48EAAEF84B}
		{6C5C842E-C75E-4EAF-BB49-E960788A0DD6} = {D8F74857-E103-42BA-B489-AF48EAAEF84B}
		{D83B9A7D-3EE1-488F-A1AD-D59F056D5220} = {D8F74857-E103-42BA-B489-AF48EAAEF84B}
		{F474AF43-9506-497A-9FD8-DF5BE93AF109} = {D8F74857-E103-42BA-B489-AF48EAAEF84B}
	EndGlobalSection
	GlobalSection(ExtensibilityGlobals) = postSolution
		SolutionGuid = {32565C5A-C3C1-468B-91D1-59A140EB32EB}
	EndGlobalSection
EndGlobal
